
Microsoft Visual Studio Solution File, Format Version 12.00
# Visual Studio Version 16
VisualStudioVersion = 16.0.30204.135
MinimumVisualStudioVersion = 10.0.40219.1
Project("{FAE04EC0-301F-11D3-BF4B-00C04F79EFBC}") = "DBtest4MVC", "DBtest4MVC.csproj", "{D4878EED-D2EC-4848-9AB0-C6202C450EF3}"
EndProject
Global
	GlobalSection(SolutionConfigurationPlatforms) = preSolution
		Debug|Any CPU = Debug|Any CPU
		Release|Any CPU = Release|Any CPU
	EndGlobalSection
	GlobalSection(ProjectConfigurationPlatforms) = postSolution
		{D4878EED-D2EC-4848-9AB0-C6202C450EF3}.Debug|Any CPU.ActiveCfg = Debug|Any CPU
		{D4878EED-D2EC-4848-9AB0-C6202C450EF3}.Debug|Any CPU.Build.0 = Debug|Any CPU
		{D4878EED-D2EC-4848-9AB0-C6202C450EF3}.Release|Any CPU.ActiveCfg = Release|Any CPU
		{D4878EED-D2EC-4848-9AB0-C6202C450EF3}.Release|Any CPU.Build.0 = Release|Any CPU
	EndGlobalSection
	GlobalSection(SolutionProperties) = preSolution
		HideSolutionNode = FALSE
	EndGlobalSection
	GlobalSection(ExtensibilityGlobals) = postSolution
		SolutionGuid = {D8375588-B624-4CDF-B670-A0920DEA4F6C}
	EndGlobalSection
EndGlobal
